{
    "name": "jsxgraph-wrapper-typescript",
    "version": "3.0.0",
    "lockfileVersion": 3,
    "requires": true,
    "packages": {
        "": {
            "name": "jsxgraph-wrapper-typescript",
            "version": "3.0.0",
            "dependencies": {
                "@moonshine-ai/moonshine-wasm": "^0.1.5",
                "@types/jspdf": "^1.3.3",
                "jspdf": "^4.2.1",
                "jsxgraph": "^1.13.1",
                "katex": "^0.18.1",
                "svg2pdf.js": "^2.8.1",
                "typescript": "^7.0.1",
                "webfontloader": "^1.6.28"
            }
        },
        "node_modules/@babel/runtime": {
            "version": "7.29.7",
            "resolved": "https://registry.npmjs.org/@babel/runtime/-/runtime-7.29.7.tgz",
            "integrity": "sha512-Nq8OhGWiZIZGV6hLHoyAKLLcJihP/xFeBMGJoUrxTX2psI8dCifzLhZISFb+VWS3wFMRDmCGw5R+dOySCqPLhw==",
            "license": "MIT",
            "engines": {
                "node": ">=6.9.0"
            }
        },
        "node_modules/@moonshine-ai/moonshine-wasm": {
            "version": "0.1.5",
            "resolved": "https://registry.npmjs.org/@moonshine-ai/moonshine-wasm/-/moonshine-wasm-0.1.5.tgz",
            "integrity": "sha512-b90GVFkbuQQthW8wZFU/dvJpnnsISHSSxs/p6Xv/NMfaHotLhRp0e9Risy5/np6QSF3SFust3jGE3Uj2LdecmQ==",
            "license": "MIT",
            "engines": {
                "node": ">=18"
            }
        },
        "node_modules/@types/jspdf": {
            "version": "1.3.3",
            "resolved": "https://registry.npmjs.org/@types/jspdf/-/jspdf-1.3.3.tgz",
            "integrity": "sha512-DqwyAKpVuv+7DniCp2Deq1xGvfdnKSNgl9Agun2w6dFvR5UKamiv4VfYUgcypd8S9ojUyARFIlZqBrYrBMQlew==",
            "license": "MIT"
        },
        "node_modules/@types/pako": {
            "version": "2.0.4",
            "resolved": "https://registry.npmjs.org/@types/pako/-/pako-2.0.4.tgz",
            "integrity": "sha512-VWDCbrLeVXJM9fihYodcLiIv0ku+AlOa/TQ1SvYOaBuyrSKgEcro95LJyIsJ4vSo6BXIxOKxiJAat04CmST9Fw==",
            "license": "MIT"
        },
        "node_modules/@types/raf": {
            "version": "3.4.3",
            "resolved": "https://registry.npmjs.org/@types/raf/-/raf-3.4.3.tgz",
            "integrity": "sha512-c4YAvMedbPZ5tEyxzQdMoOhhJ4RD3rngZIdwC2/qDN3d7JpEhB6fiBRKVY1lg5B7Wk+uPBjn5f39j1/2MY1oOw==",
            "license": "MIT",
            "optional": true
        },
        "node_modules/@types/trusted-types": {
            "version": "2.0.7",
            "resolved": "https://registry.npmjs.org/@types/trusted-types/-/trusted-types-2.0.7.tgz",
            "integrity": "sha512-ScaPdn1dQczgbl0QFTeTOmVHFULt394XJgOQNoyVhZ6r2vLnMLJfBPd53SB52T/3G36VI1/g2MZaX0cwDuXsfw==",
            "license": "MIT",
            "optional": true
        },
        "node_modules/@typescript/typescript-aix-ppc64": {
            "version": "7.0.2",
            "resolved": "https://registry.npmjs.org/@typescript/typescript-aix-ppc64/-/typescript-aix-ppc64-7.0.2.tgz",
            "integrity": "sha512-MTKKkWB7p/0E9xi1d1tHtZ5PiLkGEMIq88pK2CubZjOsLtYTLqhgIgi6zepFa+9GHZ6h05NMCkQxGKiPXMxXtQ==",
            "cpu": [
                "ppc64"
            ],
            "license": "Apache-2.0",
            "optional": true,
            "os": [
                "aix"
            ],
            "engines": {
                "node": ">=16.20.0"
            }
        },
        "node_modules/@typescript/typescript-darwin-arm64": {
            "version": "7.0.2",
            "resolved": "https://registry.npmjs.org/@typescript/typescript-darwin-arm64/-/typescript-darwin-arm64-7.0.2.tgz",
            "integrity": "sha512-gowzar9MwS/aRWp6f3a4KUqzRjAZjOsmGNCM6LcTgXum+dBfgsBVMN+AgvOCCbguXyick6LJhpBszxMebJ8syA==",
            "cpu": [
                "arm64"
            ],
            "license": "Apache-2.0",
            "optional": true,
            "os": [
                "darwin"
            ],
            "engines": {
                "node": ">=16.20.0"
            }
        },
        "node_modules/@typescript/typescript-darwin-x64": {
            "version": "7.0.2",
            "resolved": "https://registry.npmjs.org/@typescript/typescript-darwin-x64/-/typescript-darwin-x64-7.0.2.tgz",
            "integrity": "sha512-SZ9xZInqApNlNGc9s0W1VSsktYSOe9cFqNOIqmN1Gs8SmkjKZYFt017G4VwPxASInODuAdbTW7sXiFUf893RgA==",
            "cpu": [
                "x64"
            ],
            "license": "Apache-2.0",
            "optional": true,
            "os": [
                "darwin"
            ],
            "engines": {
                "node": ">=16.20.0"
            }
        },
        "node_modules/@typescript/typescript-freebsd-arm64": {
            "version": "7.0.2",
            "resolved": "https://registry.npmjs.org/@typescript/typescript-freebsd-arm64/-/typescript-freebsd-arm64-7.0.2.tgz",
            "integrity": "sha512-W5NH4y/J0plIIS5b2xvTEkU7JFxyqdMAOgf+Ilhl0vHQXKO5dZoxd+C/jEtq56c4F3wk71RB4BMRQ2XdI+bwYQ==",
            "cpu": [
                "arm64"
            ],
            "license": "Apache-2.0",
            "optional": true,
            "os": [
                "freebsd"
            ],
            "engines": {
                "node": ">=16.20.0"
            }
        },
        "node_modules/@typescript/typescript-freebsd-x64": {
            "version": "7.0.2",
            "resolved": "https://registry.npmjs.org/@typescript/typescript-freebsd-x64/-/typescript-freebsd-x64-7.0.2.tgz",
            "integrity": "sha512-UMGDx5sTpzNw3WiPebH7l90IWfJggEd+egHt/q6p7/Cm3zqoV7VxkGXt+3DxPIw8CcmvAB0j3sVVfbhX+M4Tpw==",
            "cpu": [
                "x64"
            ],
            "license": "Apache-2.0",
            "optional": true,
            "os": [
                "freebsd"
            ],
            "engines": {
                "node": ">=16.20.0"
            }
        },
        "node_modules/@typescript/typescript-linux-arm": {
            "version": "7.0.2",
            "resolved": "https://registry.npmjs.org/@typescript/typescript-linux-arm/-/typescript-linux-arm-7.0.2.tgz",
            "integrity": "sha512-gffT3xPz9sR7j/YJExkyPntrI0P2EP9XbOyWzth2/Gs0RstK+90RBcO0ncXoXy/beYll1SXw846Nf2zdnEz0QQ==",
            "cpu": [
                "arm"
            ],
            "license": "Apache-2.0",
            "optional": true,
            "os": [
                "linux"
            ],
            "engines": {
                "node": ">=16.20.0"
            }
        },
        "node_modules/@typescript/typescript-linux-arm64": {
            "version": "7.0.2",
            "resolved": "https://registry.npmjs.org/@typescript/typescript-linux-arm64/-/typescript-linux-arm64-7.0.2.tgz",
            "integrity": "sha512-Qh4eU4/y3yDjnfjjyPYihMj5/ODIlmt+Bzu17OI+fiSRDW57QmU5SiN63exPRNJPKUzcc1INa1NXdrJ+MqHjUQ==",
            "cpu": [
                "arm64"
            ],
            "license": "Apache-2.0",
            "optional": true,
            "os": [
                "linux"
            ],
            "engines": {
                "node": ">=16.20.0"
            }
        },
        "node_modules/@typescript/typescript-linux-loong64": {
            "version": "7.0.2",
            "resolved": "https://registry.npmjs.org/@typescript/typescript-linux-loong64/-/typescript-linux-loong64-7.0.2.tgz",
            "integrity": "sha512-uEHck9i8hoAzXPiYRib1O7miOnz23SxIeVl6F4LXox+qov1K35jHcEW6VHKvZI+pyvl7fZEP4MCU5LYvIq1GuQ==",
            "cpu": [
                "loong64"
            ],
            "license": "Apache-2.0",
            "optional": true,
            "os": [
                "linux"
            ],
            "engines": {
                "node": ">=16.20.0"
            }
        },
        "node_modules/@typescript/typescript-linux-mips64el": {
            "version": "7.0.2",
            "resolved": "https://registry.npmjs.org/@typescript/typescript-linux-mips64el/-/typescript-linux-mips64el-7.0.2.tgz",
            "integrity": "sha512-R4KvAMnE43W5Qeqb0Ly56O3mWMWIAgsMyz36DCaycd5nbg/9kzm0liw3JocfRqyJY0KPmzFjbswozXyW0DnIYA==",
            "cpu": [
                "mips64el"
            ],
            "license": "Apache-2.0",
            "optional": true,
            "os": [
                "linux"
            ],
            "engines": {
                "node": ">=16.20.0"
            }
        },
        "node_modules/@typescript/typescript-linux-ppc64": {
            "version": "7.0.2",
            "resolved": "https://registry.npmjs.org/@typescript/typescript-linux-ppc64/-/typescript-linux-ppc64-7.0.2.tgz",
            "integrity": "sha512-DORx5b3sd/4S7eayxm4FQv+A7CrkUIGRaHiwI8oiHTAI1fAPWhF4J0vAlkC8biAlHSVVwxMQ3tjZ2/DVbnQiiA==",
            "cpu": [
                "ppc64"
            ],
            "license": "Apache-2.0",
            "optional": true,
            "os": [
                "linux"
            ],
            "engines": {
                "node": ">=16.20.0"
            }
        },
        "node_modules/@typescript/typescript-linux-riscv64": {
            "version": "7.0.2",
            "resolved": "https://registry.npmjs.org/@typescript/typescript-linux-riscv64/-/typescript-linux-riscv64-7.0.2.tgz",
            "integrity": "sha512-wf0jqEDOjrPRnKwYRyyJDRo11KMbvMFrU+q4zqKyChODBzvlkbhNQfKvLxQCcwTpdDaXSHZTVuh0JoCrKCUMHQ==",
            "cpu": [
                "riscv64"
            ],
            "license": "Apache-2.0",
            "optional": true,
            "os": [
                "linux"
            ],
            "engines": {
                "node": ">=16.20.0"
            }
        },
        "node_modules/@typescript/typescript-linux-s390x": {
            "version": "7.0.2",
            "resolved": "https://registry.npmjs.org/@typescript/typescript-linux-s390x/-/typescript-linux-s390x-7.0.2.tgz",
            "integrity": "sha512-IkwJc3L7yhytWd/ewjyxNDfOmswCm9GWMJT/ue/dU4aZNbwZeYAetq42VyLmsmSjvoX7z74X6ZaYCtzAr0EuGw==",
            "cpu": [
                "s390x"
            ],
            "license": "Apache-2.0",
            "optional": true,
            "os": [
                "linux"
            ],
            "engines": {
                "node": ">=16.20.0"
            }
        },
        "node_modules/@typescript/typescript-linux-x64": {
            "version": "7.0.2",
            "resolved": "https://registry.npmjs.org/@typescript/typescript-linux-x64/-/typescript-linux-x64-7.0.2.tgz",
            "integrity": "sha512-EYdf2cNg7rgCWJnxCdJ+F3V39O8ihb37eHAu1LK8oAFizgTQbPOK7zHHXbPt8rX24COqODXeI3sIf0fCXG7H/A==",
            "cpu": [
                "x64"
            ],
            "license": "Apache-2.0",
            "optional": true,
            "os": [
                "linux"
            ],
            "engines": {
                "node": ">=16.20.0"
            }
        },
        "node_modules/@typescript/typescript-netbsd-arm64": {
            "version": "7.0.2",
            "resolved": "https://registry.npmjs.org/@typescript/typescript-netbsd-arm64/-/typescript-netbsd-arm64-7.0.2.tgz",
            "integrity": "sha512-+polYF4MF04aPpO5FTkHran9yUQDSXqy5GiSDKpsll5jy3l3+g9QLhpf39T+ePtefhXLOGrLl0QIjkQP6VnelA==",
            "cpu": [
                "arm64"
            ],
            "license": "Apache-2.0",
            "optional": true,
            "os": [
                "netbsd"
            ],
            "engines": {
                "node": ">=16.20.0"
            }
        },
        "node_modules/@typescript/typescript-netbsd-x64": {
            "version": "7.0.2",
            "resolved": "https://registry.npmjs.org/@typescript/typescript-netbsd-x64/-/typescript-netbsd-x64-7.0.2.tgz",
            "integrity": "sha512-8YIT0EHM/3dq10ZOVF/A7pc/YSMtbcecct4rWtexrnSCHOPcpC2KTLXfTCR6vDpnSiY12heNb1GiN/wu+T/FyA==",
            "cpu": [
                "x64"
            ],
            "license": "Apache-2.0",
            "optional": true,
            "os": [
                "netbsd"
            ],
            "engines": {
                "node": ">=16.20.0"
            }
        },
        "node_modules/@typescript/typescript-openbsd-arm64": {
            "version": "7.0.2",
            "resolved": "https://registry.npmjs.org/@typescript/typescript-openbsd-arm64/-/typescript-openbsd-arm64-7.0.2.tgz",
            "integrity": "sha512-APT8+ClYnuYm1u9+kgGXoMj2VzWzcymwh2gNSQVySHfkRDGOTVkoWLjCmOQSaO+PoqQ57B0flRp9SA+7GnnkzQ==",
            "cpu": [
                "arm64"
            ],
            "license": "Apache-2.0",
            "optional": true,
            "os": [
                "openbsd"
            ],
            "engines": {
                "node": ">=16.20.0"
            }
        },
        "node_modules/@typescript/typescript-openbsd-x64": {
            "version": "7.0.2",
            "resolved": "https://registry.npmjs.org/@typescript/typescript-openbsd-x64/-/typescript-openbsd-x64-7.0.2.tgz",
            "integrity": "sha512-yX7s+Q0Dln0Dt9tEzZsAjXXR/+ytBM7AlglaqyeMPxQszJ1JhlJdZ6jLA+IzldHtflX81em7lDao1xXu+aRRkg==",
            "cpu": [
                "x64"
            ],
            "license": "Apache-2.0",
            "optional": true,
            "os": [
                "openbsd"
            ],
            "engines": {
                "node": ">=16.20.0"
            }
        },
        "node_modules/@typescript/typescript-sunos-x64": {
            "version": "7.0.2",
            "resolved": "https://registry.npmjs.org/@typescript/typescript-sunos-x64/-/typescript-sunos-x64-7.0.2.tgz",
            "integrity": "sha512-dLJDGaLZ1D4HPQn62u1n8mBDkJREwMsAkCdkwd4Ieqw+x3TUyTsqY0YiBCtE6H6OzzgGk3iuZ3vFWRS+E8/d1g==",
            "cpu": [
                "x64"
            ],
            "license": "Apache-2.0",
            "optional": true,
            "os": [
                "sunos"
            ],
            "engines": {
                "node": ">=16.20.0"
            }
        },
        "node_modules/@typescript/typescript-win32-arm64": {
            "version": "7.0.2",
            "resolved": "https://registry.npmjs.org/@typescript/typescript-win32-arm64/-/typescript-win32-arm64-7.0.2.tgz",
            "integrity": "sha512-Gyl1Vy6OsWesLzmq+EP0Fb7b4Nid5232AvcA2SFcdYreldpNtYFFofPjnt62y9hQy7VTaZp65ICJjuAQRaVcIQ==",
            "cpu": [
                "arm64"
            ],
            "license": "Apache-2.0",
            "optional": true,
            "os": [
                "win32"
            ],
            "engines": {
                "node": ">=16.20.0"
            }
        },
        "node_modules/@typescript/typescript-win32-x64": {
            "version": "7.0.2",
            "resolved": "https://registry.npmjs.org/@typescript/typescript-win32-x64/-/typescript-win32-x64-7.0.2.tgz",
            "integrity": "sha512-0BQ3HkAHHlKLSp1qRvf3SUhGpGsDuhB/jgFw75guyqbxJqEaS0Cw/VFO8i2nHglJUzQCRtMMR/IBAKE3ETMC4g==",
            "cpu": [
                "x64"
            ],
            "license": "Apache-2.0",
            "optional": true,
            "os": [
                "win32"
            ],
            "engines": {
                "node": ">=16.20.0"
            }
        },
        "node_modules/base64-arraybuffer": {
            "version": "1.0.2",
            "resolved": "https://registry.npmjs.org/base64-arraybuffer/-/base64-arraybuffer-1.0.2.tgz",
            "integrity": "sha512-I3yl4r9QB5ZRY3XuJVEPfc2XhZO6YweFPI+UovAzn+8/hb3oJ6lnysaFcjVpkCPfVWFUDvoZ8kmVDP7WyRtYtQ==",
            "license": "MIT",
            "optional": true,
            "engines": {
                "node": ">= 0.6.0"
            }
        },
        "node_modules/canvg": {
            "version": "3.0.11",
            "resolved": "https://registry.npmjs.org/canvg/-/canvg-3.0.11.tgz",
            "integrity": "sha512-5ON+q7jCTgMp9cjpu4Jo6XbvfYwSB2Ow3kzHKfIyJfaCAOHLbdKPQqGKgfED/R5B+3TFFfe8pegYA+b423SRyA==",
            "license": "MIT",
            "optional": true,
            "dependencies": {
                "@babel/runtime": "^7.12.5",
                "@types/raf": "^3.4.0",
                "core-js": "^3.8.3",
                "raf": "^3.4.1",
                "regenerator-runtime": "^0.13.7",
                "rgbcolor": "^1.0.1",
                "stackblur-canvas": "^2.0.0",
                "svg-pathdata": "^6.0.3"
            },
            "engines": {
                "node": ">=10.0.0"
            }
        },
        "node_modules/commander": {
            "version": "8.3.0",
            "resolved": "https://registry.npmjs.org/commander/-/commander-8.3.0.tgz",
            "integrity": "sha512-OkTL9umf+He2DZkUq8f8J9of7yL6RJKI24dVITBmNfZBmri9zYZQrKkuXiKhyfPSu8tUhnVBB1iKXevvnlR4Ww==",
            "license": "MIT",
            "engines": {
                "node": ">= 12"
            }
        },
        "node_modules/core-js": {
            "version": "3.50.0",
            "resolved": "https://registry.npmjs.org/core-js/-/core-js-3.50.0.tgz",
            "integrity": "sha512-BRWgOLKkFeCgRudR6zrs8p9XJZcE14grzKMMssoYrk6krtuEZ7MTKPIY5RzOnqsEKIR9kst7wNzphttraT+Yqw==",
            "hasInstallScript": true,
            "license": "MIT",
            "optional": true,
            "engines": {
                "node": "*"
            },
            "funding": {
                "type": "opencollective",
                "url": "https://opencollective.com/core-js"
            }
        },
        "node_modules/css-line-break": {
            "version": "2.1.0",
            "resolved": "https://registry.npmjs.org/css-line-break/-/css-line-break-2.1.0.tgz",
            "integrity": "sha512-FHcKFCZcAha3LwfVBhCQbW2nCNbkZXn7KVUJcsT5/P8YmfsVja0FMPJr0B903j/E69HUphKiV9iQArX8SDYA4w==",
            "license": "MIT",
            "optional": true,
            "dependencies": {
                "utrie": "^1.0.2"
            }
        },
        "node_modules/cssesc": {
            "version": "3.0.0",
            "resolved": "https://registry.npmjs.org/cssesc/-/cssesc-3.0.0.tgz",
            "integrity": "sha512-/Tb/JcjK111nNScGob5MNtsntNM1aCNUDipB/TkwZFhyDrrE47SOx/18wF2bbjgc3ZzCSKW1T5nt5EbFoAz/Vg==",
            "license": "MIT",
            "bin": {
                "cssesc": "bin/cssesc"
            },
            "engines": {
                "node": ">=4"
            }
        },
        "node_modules/dompurify": {
            "version": "3.4.15",
            "resolved": "https://registry.npmjs.org/dompurify/-/dompurify-3.4.15.tgz",
            "integrity": "sha512-EUBjM+B+lkDE41iE82DDSCfkoPGfXx8IxFxPMjNzm/Uk4xDet77rTN9wqlxlVg71kK7XGuUMv6wUxJUwwv+Xyw==",
            "license": "(MPL-2.0 OR Apache-2.0)",
            "optional": true,
            "optionalDependencies": {
                "@types/trusted-types": "^2.0.7"
            }
        },
        "node_modules/fast-png": {
            "version": "6.4.0",
            "resolved": "https://registry.npmjs.org/fast-png/-/fast-png-6.4.0.tgz",
            "integrity": "sha512-kAqZq1TlgBjZcLr5mcN6NP5Rv4V2f22z00c3g8vRrwkcqjerx7BEhPbOnWCPqaHUl2XWQBJQvOT/FQhdMT7X/Q==",
            "license": "MIT",
            "dependencies": {
                "@types/pako": "^2.0.3",
                "iobuffer": "^5.3.2",
                "pako": "^2.1.0"
            }
        },
        "node_modules/fflate": {
            "version": "0.8.3",
            "resolved": "https://registry.npmjs.org/fflate/-/fflate-0.8.3.tgz",
            "integrity": "sha512-tbZNuJrLwGUp3zshBtdy4W+ORxZuIh8a5ilyIEQDC5rY1f3U20JMry0Ll3WBzU58EZKsEuJFXhb5gwv8CsPvgA==",
            "license": "MIT"
        },
        "node_modules/font-family-papandreou": {
            "version": "0.2.0-patch2",
            "resolved": "https://registry.npmjs.org/font-family-papandreou/-/font-family-papandreou-0.2.0-patch2.tgz",
            "integrity": "sha512-l/YiRdBSH/eWv6OF3sLGkwErL+n0MqCICi9mppTZBOCL5vixWGDqCYvRcuxB2h7RGCTzaTKOHT2caHvCXQPRlw==",
            "license": "MIT"
        },
        "node_modules/html2canvas": {
            "version": "1.4.1",
            "resolved": "https://registry.npmjs.org/html2canvas/-/html2canvas-1.4.1.tgz",
            "integrity": "sha512-fPU6BHNpsyIhr8yyMpTLLxAbkaK8ArIBcmZIRiBLiDhjeqvXolaEmDGmELFuX9I4xDcaKKcJl+TKZLqruBbmWA==",
            "license": "MIT",
            "optional": true,
            "dependencies": {
                "css-line-break": "^2.1.0",
                "text-segmentation": "^1.0.3"
            },
            "engines": {
                "node": ">=8.0.0"
            }
        },
        "node_modules/iobuffer": {
            "version": "5.4.0",
            "resolved": "https://registry.npmjs.org/iobuffer/-/iobuffer-5.4.0.tgz",
            "integrity": "sha512-DRebOWuqDvxunfkNJAlc3IzWIPD5xVxwUNbHr7xKB8E6aLJxIPfNX3CoMJghcFjpv6RWQsrcJbghtEwSPoJqMA==",
            "license": "MIT"
        },
        "node_modules/jspdf": {
            "version": "4.2.1",
            "resolved": "https://registry.npmjs.org/jspdf/-/jspdf-4.2.1.tgz",
            "integrity": "sha512-YyAXyvnmjTbR4bHQRLzex3CuINCDlQnBqoSYyjJwTP2x9jDLuKDzy7aKUl0hgx3uhcl7xzg32agn5vlie6HIlQ==",
            "license": "MIT",
            "dependencies": {
                "@babel/runtime": "^7.28.6",
                "fast-png": "^6.2.0",
                "fflate": "^0.8.1"
            },
            "optionalDependencies": {
                "canvg": "^3.0.11",
                "core-js": "^3.6.0",
                "dompurify": "^3.3.1",
                "html2canvas": "^1.0.0-rc.5"
            }
        },
        "node_modules/jsxgraph": {
            "version": "1.13.1",
            "resolved": "https://registry.npmjs.org/jsxgraph/-/jsxgraph-1.13.1.tgz",
            "integrity": "sha512-kY22yaHpHew/HmelkveA1LX+uye5Uc4QF0UCBEpW8HCJ9kr0pSQ33ombYRkWd75YFuCFzRtDNzm5U2Vte01ezQ==",
            "license": "(MIT OR LGPL-3.0-or-later)",
            "dependencies": {
                "jsxgraph": "^1.12.0"
            },
            "engines": {
                "node": ">=20.19.0"
            }
        },
        "node_modules/katex": {
            "version": "0.18.1",
            "resolved": "https://registry.npmjs.org/katex/-/katex-0.18.1.tgz",
            "integrity": "sha512-Td8GCYSxDAoMhHOlKmCFMJ/hz5qlAAb71n66Dryw9nfCVfumLo7nhuotbvKom/XPADmrYC3O5QR71EPq4DarJQ==",
            "funding": [
                "https://opencollective.com/katex",
                "https://github.com/sponsors/katex"
            ],
            "license": "MIT",
            "dependencies": {
                "commander": "^8.3.0"
            },
            "bin": {
                "katex": "cli.js"
            }
        },
        "node_modules/pako": {
            "version": "2.2.0",
            "resolved": "https://registry.npmjs.org/pako/-/pako-2.2.0.tgz",
            "integrity": "sha512-zJq6RP/5q+TO2OpFV3FHzlPnFjmkb7Nc99a5SNjJE+uu/PkpChs+NIZSSzbBoD+6kjiISXjfYdwj1ZRQ81dz/w==",
            "funding": [
                {
                    "type": "github",
                    "url": "https://github.com/sponsors/puzrin"
                },
                {
                    "type": "github",
                    "url": "https://github.com/sponsors/nodeca"
                }
            ],
            "license": "(MIT AND Zlib)"
        },
        "node_modules/performance-now": {
            "version": "2.1.0",
            "resolved": "https://registry.npmjs.org/performance-now/-/performance-now-2.1.0.tgz",
            "integrity": "sha512-7EAHlyLHI56VEIdK57uwHdHKIaAGbnXPiw0yWbarQZOKaKpvUIgW0jWRVLiatnM+XXlSwsanIBH/hzGMJulMow==",
            "license": "MIT",
            "optional": true
        },
        "node_modules/raf": {
            "version": "3.4.1",
            "resolved": "https://registry.npmjs.org/raf/-/raf-3.4.1.tgz",
            "integrity": "sha512-Sq4CW4QhwOHE8ucn6J34MqtZCeWFP2aQSmrlroYgqAV1PjStIhJXxYuTgUIfkEk7zTLjmIjLmU5q+fbD1NnOJA==",
            "license": "MIT",
            "optional": true,
            "dependencies": {
                "performance-now": "^2.1.0"
            }
        },
        "node_modules/regenerator-runtime": {
            "version": "0.13.11",
            "resolved": "https://registry.npmjs.org/regenerator-runtime/-/regenerator-runtime-0.13.11.tgz",
            "integrity": "sha512-kY1AZVr2Ra+t+piVaJ4gxaFaReZVH40AKNo7UCX6W+dEwBo/2oZJzqfuN1qLq1oL45o56cPaTXELwrTh8Fpggg==",
            "license": "MIT",
            "optional": true
        },
        "node_modules/rgbcolor": {
            "version": "1.0.1",
            "resolved": "https://registry.npmjs.org/rgbcolor/-/rgbcolor-1.0.1.tgz",
            "integrity": "sha512-9aZLIrhRaD97sgVhtJOW6ckOEh6/GnvQtdVNfdZ6s67+3/XwLS9lBcQYzEEhYVeUowN7pRzMLsyGhK2i/xvWbw==",
            "license": "MIT OR SEE LICENSE IN FEEL-FREE.md",
            "optional": true,
            "engines": {
                "node": ">= 0.8.15"
            }
        },
        "node_modules/specificity": {
            "version": "0.4.1",
            "resolved": "https://registry.npmjs.org/specificity/-/specificity-0.4.1.tgz",
            "integrity": "sha512-1klA3Gi5PD1Wv9Q0wUoOQN1IWAuPu0D1U03ThXTr0cJ20+/iq2tHSDnK7Kk/0LXJ1ztUB2/1Os0wKmfyNgUQfg==",
            "license": "MIT",
            "bin": {
                "specificity": "bin/specificity"
            }
        },
        "node_modules/stackblur-canvas": {
            "version": "2.7.0",
            "resolved": "https://registry.npmjs.org/stackblur-canvas/-/stackblur-canvas-2.7.0.tgz",
            "integrity": "sha512-yf7OENo23AGJhBriGx0QivY5JP6Y1HbrrDI6WLt6C5auYZXlQrheoY8hD4ibekFKz1HOfE48Ww8kMWMnJD/zcQ==",
            "license": "MIT",
            "optional": true,
            "engines": {
                "node": ">=0.1.14"
            }
        },
        "node_modules/svg-pathdata": {
            "version": "6.0.3",
            "resolved": "https://registry.npmjs.org/svg-pathdata/-/svg-pathdata-6.0.3.tgz",
            "integrity": "sha512-qsjeeq5YjBZ5eMdFuUa4ZosMLxgr5RZ+F+Y1OrDhuOCEInRMA3x74XdBtggJcj9kOeInz0WE+LgCPDkZFlBYJw==",
            "license": "MIT",
            "optional": true,
            "engines": {
                "node": ">=12.0.0"
            }
        },
        "node_modules/svg2pdf.js": {
            "version": "2.8.1",
            "resolved": "https://registry.npmjs.org/svg2pdf.js/-/svg2pdf.js-2.8.1.tgz",
            "integrity": "sha512-AzXfPHjHnFt9dpdRPhWWBOKipnMSWQZRKiV3FTTPdY6wwRgT3labbA4s0HIQaskNhwAhrcI2u2rDhD8j8udfNQ==",
            "license": "MIT",
            "dependencies": {
                "cssesc": "^3.0.0",
                "font-family-papandreou": "^0.2.0-patch1",
                "specificity": "^0.4.1",
                "svgpath": "^2.3.0"
            },
            "peerDependencies": {
                "jspdf": "^4.0.0 || ^3.0.0 || ^2.0.0"
            }
        },
        "node_modules/svgpath": {
            "version": "2.6.0",
            "resolved": "https://registry.npmjs.org/svgpath/-/svgpath-2.6.0.tgz",
            "integrity": "sha512-OIWR6bKzXvdXYyO4DK/UWa1VA1JeKq8E+0ug2DG98Y/vOmMpfZNj+TIG988HjfYSqtcy/hFOtZq/n/j5GSESNg==",
            "license": "MIT",
            "funding": {
                "url": "https://github.com/fontello/svg2ttf?sponsor=1"
            }
        },
        "node_modules/text-segmentation": {
            "version": "1.0.3",
            "resolved": "https://registry.npmjs.org/text-segmentation/-/text-segmentation-1.0.3.tgz",
            "integrity": "sha512-iOiPUo/BGnZ6+54OsWxZidGCsdU8YbE4PSpdPinp7DeMtUJNJBoJ/ouUSTJjHkh1KntHaltHl/gDs2FC4i5+Nw==",
            "license": "MIT",
            "optional": true,
            "dependencies": {
                "utrie": "^1.0.2"
            }
        },
        "node_modules/typescript": {
            "version": "7.0.2",
            "resolved": "https://registry.npmjs.org/typescript/-/typescript-7.0.2.tgz",
            "integrity": "sha512-8FYau96o3NKOhbjKi/qNvG/W5jhzxkbdm5sj9AbZ/5T5sWqn3hJgLfGx27sRKZWTvyzCP8dLRBTf5tBTSRVUNA==",
            "license": "Apache-2.0",
            "bin": {
                "tsc": "bin/tsc"
            },
            "engines": {
                "node": ">=16.20.0"
            },
            "optionalDependencies": {
                "@typescript/typescript-aix-ppc64": "7.0.2",
                "@typescript/typescript-darwin-arm64": "7.0.2",
                "@typescript/typescript-darwin-x64": "7.0.2",
                "@typescript/typescript-freebsd-arm64": "7.0.2",
                "@typescript/typescript-freebsd-x64": "7.0.2",
                "@typescript/typescript-linux-arm": "7.0.2",
                "@typescript/typescript-linux-arm64": "7.0.2",
                "@typescript/typescript-linux-loong64": "7.0.2",
                "@typescript/typescript-linux-mips64el": "7.0.2",
                "@typescript/typescript-linux-ppc64": "7.0.2",
                "@typescript/typescript-linux-riscv64": "7.0.2",
                "@typescript/typescript-linux-s390x": "7.0.2",
                "@typescript/typescript-linux-x64": "7.0.2",
                "@typescript/typescript-netbsd-arm64": "7.0.2",
                "@typescript/typescript-netbsd-x64": "7.0.2",
                "@typescript/typescript-openbsd-arm64": "7.0.2",
                "@typescript/typescript-openbsd-x64": "7.0.2",
                "@typescript/typescript-sunos-x64": "7.0.2",
                "@typescript/typescript-win32-arm64": "7.0.2",
                "@typescript/typescript-win32-x64": "7.0.2"
            }
        },
        "node_modules/utrie": {
            "version": "1.0.2",
            "resolved": "https://registry.npmjs.org/utrie/-/utrie-1.0.2.tgz",
            "integrity": "sha512-1MLa5ouZiOmQzUbjbu9VmjLzn1QLXBhwpUa7kdLUQK+KQ5KA9I1vk5U4YHe/X2Ch7PYnJfWuWT+VbuxbGwljhw==",
            "license": "MIT",
            "optional": true,
            "dependencies": {
                "base64-arraybuffer": "^1.0.2"
            }
        },
        "node_modules/webfontloader": {
            "version": "1.6.28",
            "resolved": "https://registry.npmjs.org/webfontloader/-/webfontloader-1.6.28.tgz",
            "integrity": "sha512-Egb0oFEga6f+nSgasH3E0M405Pzn6y3/9tOVanv/DLfa1YBIgcv90L18YyWnvXkRbIM17v5Kv6IT2N6g1x5tvQ==",
            "license": "Apache-2.0"
        }
    }
}
